
Microsoft Visual Studio Solution File, Format Version 12.00
# Visual Studio Version 16
VisualStudioVersion = 16.0.31729.503
MinimumVisualStudioVersion = 10.0.40219.1
Project("{9A19103F-16F7-4668-BE54-9A1E7A4F7556}") = "phone", "phone\phone.csproj", "{F26F3A9D-218C-47D0-B253-8C6753135F98}"
EndProject
Global
	GlobalSection(SolutionConfigurationPlatforms) = preSolution
		Debug|Any CPU = Debug|Any CPU
		Debug|x86 = Debug|x86
		Release|Any CPU = Release|Any CPU
		Release|x86 = Release|x86
	EndGlobalSection
	GlobalSection(ProjectConfigurationPlatforms) = postSolution
		{F26F3A9D-218C-47D0-B253-8C6753135F98}.Debug|Any CPU.ActiveCfg = Debug|Any CPU
		{F26F3A9D-218C-47D0-B253-8C6753135F98}.Debug|Any CPU.Build.0 = Debug|Any CPU
		{F26F3A9D-218C-47D0-B253-8C6753135F98}.Debug|x86.ActiveCfg = Debug|x86
		{F26F3A9D-218C-47D0-B253-8C6753135F98}.Debug|x86.Build.0 = Debug|x86
		{F26F3A9D-218C-47D0-B253-8C6753135F98}.Release|Any CPU.ActiveCfg = Release|Any CPU
		{F26F3A9D-218C-47D0-B253-8C6753135F98}.Release|Any CPU.Build.0 = Release|Any CPU
		{F26F3A9D-218C-47D0-B253-8C6753135F98}.Release|x86.ActiveCfg = Release|Any CPU
		{F26F3A9D-218C-47D0-B253-8C6753135F98}.Release|x86.Build.0 = Release|Any CPU
	EndGlobalSection
	GlobalSection(SolutionProperties) = preSolution
		HideSolutionNode = FALSE
	EndGlobalSection
	GlobalSection(ExtensibilityGlobals) = postSolution
		SolutionGuid = {CC672CD3-7EF5-4CD1-8AEA-334BC3557953}
	EndGlobalSection
EndGlobal
