
Microsoft Visual Studio Solution File, Format Version 12.00
Project("{FAE04EC0-301F-11D3-BF4B-00C04F79EFBC}") = "phone", "phone\phone.csproj", "{F26F3A9D-218C-47D0-B253-8C6753135F98}"
EndProject
Global
	GlobalSection(SolutionConfigurationPlatforms) = preSolution
		Debug|Any CPU = Debug|Any CPU
		Release|Any CPU = Release|Any CPU
	EndGlobalSection
	GlobalSection(ProjectConfigurationPlatforms) = postSolution
		{F26F3A9D-218C-47D0-B253-8C6753135F98}.Debug|Any CPU.ActiveCfg = Debug|Any CPU
		{F26F3A9D-218C-47D0-B253-8C6753135F98}.Debug|Any CPU.Build.0 = Debug|Any CPU
		{F26F3A9D-218C-47D0-B253-8C6753135F98}.Release|Any CPU.ActiveCfg = Release|Any CPU
		{F26F3A9D-218C-47D0-B253-8C6753135F98}.Release|Any CPU.Build.0 = Release|Any CPU
	EndGlobalSection
EndGlobal
